// !$*UTF8*$!
{
	archiveVersion = 1;
	classes = {
	};
	objectVersion = 55;
	objects = {

/* Begin PBXBuildFile section */
		4841E3A828CDDC8C0045097D /* MainResponse.swift in Sources */ = {isa = PBXBuildFile; fileRef = 4841E3A728CDDC8C0045097D /* MainResponse.swift */; };
		4841E3AF28CDE3880045097D /* ImagesListVM.swift in Sources */ = {isa = PBXBuildFile; fileRef = 4841E3AE28CDE3880045097D /* ImagesListVM.swift */; };
		4841E3B228CDE7D50045097D /* String+Extensions.swift in Sources */ = {isa = PBXBuildFile; fileRef = 4841E3B128CDE7D50045097D /* String+Extensions.swift */; };
		48A1527928CDA3EA00FA69D4 /* AppDelegate.swift in Sources */ = {isa = PBXBuildFile; fileRef = 48A1527828CDA3EA00FA69D4 /* AppDelegate.swift */; };
		48A1527B28CDA3EA00FA69D4 /* SceneDelegate.swift in Sources */ = {isa = PBXBuildFile; fileRef = 48A1527A28CDA3EA00FA69D4 /* SceneDelegate.swift */; };
		48A1528028CDA3EA00FA69D4 /* Main.storyboard in Resources */ = {isa = PBXBuildFile; fileRef = 48A1527E28CDA3EA00FA69D4 /* Main.storyboard */; };
		48A1528228CDA3EF00FA69D4 /* Assets.xcassets in Resources */ = {isa = PBXBuildFile; fileRef = 48A1528128CDA3EF00FA69D4 /* Assets.xcassets */; };
		48A1528528CDA3EF00FA69D4 /* LaunchScreen.storyboard in Resources */ = {isa = PBXBuildFile; fileRef = 48A1528328CDA3EF00FA69D4 /* LaunchScreen.storyboard */; };
		48A1529428CDA5F600FA69D4 /* DetailVC.swift in Sources */ = {isa = PBXBuildFile; fileRef = 48A1529328CDA5F600FA69D4 /* DetailVC.swift */; };
		48A1529728CDAF8800FA69D4 /* NasaImageCell.swift in Sources */ = {isa = PBXBuildFile; fileRef = 48A1529628CDAF8800FA69D4 /* NasaImageCell.swift */; };
		48A152A728CDC73700FA69D4 /* NasaImagesVC.swift in Sources */ = {isa = PBXBuildFile; fileRef = 48A152A628CDC73700FA69D4 /* NasaImagesVC.swift */; };
		48C7D88028CE1F690044480A /* StringExtensionsTest.swift in Sources */ = {isa = PBXBuildFile; fileRef = 48C7D87F28CE1F690044480A /* StringExtensionsTest.swift */; };
		48C7D88228CE20AB0044480A /* ImageListViewModelTest.swift in Sources */ = {isa = PBXBuildFile; fileRef = 48C7D88128CE20AB0044480A /* ImageListViewModelTest.swift */; };
		48C7D88428CE22560044480A /* UIImage+Extensions.swift in Sources */ = {isa = PBXBuildFile; fileRef = 48C7D88328CE22560044480A /* UIImage+Extensions.swift */; };
		48E3644A28CE334200FC9A55 /* URLRequest+Extensions.swift in Sources */ = {isa = PBXBuildFile; fileRef = 48E3644928CE334200FC9A55 /* URLRequest+Extensions.swift */; };
		70BDEFDCEDA7F985B1F1110D /* Pods_Ke_NasaTests.framework in Frameworks */ = {isa = PBXBuildFile; fileRef = 641C82BBA18E24EEB12DE306 /* Pods_Ke_NasaTests.framework */; };
		D703789F45CEDDD87DE6CD2E /* Pods_Ke_Nasa.framework in Frameworks */ = {isa = PBXBuildFile; fileRef = BBEB5C53A024664786856105 /* Pods_Ke_Nasa.framework */; };
/* End PBXBuildFile section */

/* Begin PBXContainerItemProxy section */
		48C7D83A28CE01B20044480A /* PBXContainerItemProxy */ = {
			isa = PBXContainerItemProxy;
			containerPortal = 48A1526D28CDA3E900FA69D4 /* Project object */;
			proxyType = 1;
			remoteGlobalIDString = 48A1527428CDA3EA00FA69D4;
			remoteInfo = "Ke Nasa";
		};
/* End PBXContainerItemProxy section */

/* Begin PBXFileReference section */
		4841E3A728CDDC8C0045097D /* MainResponse.swift */ = {isa = PBXFileReference; lastKnownFileType = sourcecode.swift; path = MainResponse.swift; sourceTree = "<group>"; };
		4841E3AE28CDE3880045097D /* ImagesListVM.swift */ = {isa = PBXFileReference; lastKnownFileType = sourcecode.swift; path = ImagesListVM.swift; sourceTree = "<group>"; };
		4841E3B128CDE7D50045097D /* String+Extensions.swift */ = {isa = PBXFileReference; lastKnownFileType = sourcecode.swift; path = "String+Extensions.swift"; sourceTree = "<group>"; };
		48A1527528CDA3EA00FA69D4 /* Ke Nasa.app */ = {isa = PBXFileReference; explicitFileType = wrapper.application; includeInIndex = 0; path = "Ke Nasa.app"; sourceTree = BUILT_PRODUCTS_DIR; };
		48A1527828CDA3EA00FA69D4 /* AppDelegate.swift */ = {isa = PBXFileReference; lastKnownFileType = sourcecode.swift; path = AppDelegate.swift; sourceTree = "<group>"; };
		48A1527A28CDA3EA00FA69D4 /* SceneDelegate.swift */ = {isa = PBXFileReference; lastKnownFileType = sourcecode.swift; path = SceneDelegate.swift; sourceTree = "<group>"; };
		48A1527F28CDA3EA00FA69D4 /* Base */ = {isa = PBXFileReference; lastKnownFileType = file.storyboard; name = Base; path = Base.lproj/Main.storyboard; sourceTree = "<group>"; };
		48A1528128CDA3EF00FA69D4 /* Assets.xcassets */ = {isa = PBXFileReference; lastKnownFileType = folder.assetcatalog; path = Assets.xcassets; sourceTree = "<group>"; };
		48A1528428CDA3EF00FA69D4 /* Base */ = {isa = PBXFileReference; lastKnownFileType = file.storyboard; name = Base; path = Base.lproj/LaunchScreen.storyboard; sourceTree = "<group>"; };
		48A1528628CDA3EF00FA69D4 /* Info.plist */ = {isa = PBXFileReference; lastKnownFileType = text.plist.xml; path = Info.plist; sourceTree = "<group>"; };
		48A1529328CDA5F600FA69D4 /* DetailVC.swift */ = {isa = PBXFileReference; lastKnownFileType = sourcecode.swift; path = DetailVC.swift; sourceTree = "<group>"; };
		48A1529628CDAF8800FA69D4 /* NasaImageCell.swift */ = {isa = PBXFileReference; lastKnownFileType = sourcecode.swift; path = NasaImageCell.swift; sourceTree = "<group>"; };
		48A152A628CDC73700FA69D4 /* NasaImagesVC.swift */ = {isa = PBXFileReference; lastKnownFileType = sourcecode.swift; path = NasaImagesVC.swift; sourceTree = "<group>"; };
		48C7D83628CE01B20044480A /* Ke NasaTests.xctest */ = {isa = PBXFileReference; explicitFileType = wrapper.cfbundle; includeInIndex = 0; path = "Ke NasaTests.xctest"; sourceTree = BUILT_PRODUCTS_DIR; };
		48C7D87F28CE1F690044480A /* StringExtensionsTest.swift */ = {isa = PBXFileReference; lastKnownFileType = sourcecode.swift; path = StringExtensionsTest.swift; sourceTree = "<group>"; };
		48C7D88128CE20AB0044480A /* ImageListViewModelTest.swift */ = {isa = PBXFileReference; lastKnownFileType = sourcecode.swift; path = ImageListViewModelTest.swift; sourceTree = "<group>"; };
		48C7D88328CE22560044480A /* UIImage+Extensions.swift */ = {isa = PBXFileReference; lastKnownFileType = sourcecode.swift; path = "UIImage+Extensions.swift"; sourceTree = "<group>"; };
		48E3644928CE334200FC9A55 /* URLRequest+Extensions.swift */ = {isa = PBXFileReference; lastKnownFileType = sourcecode.swift; path = "URLRequest+Extensions.swift"; sourceTree = "<group>"; };
		62B619E4390BAD800C233CA4 /* Pods-Ke Nasa.release.xcconfig */ = {isa = PBXFileReference; includeInIndex = 1; lastKnownFileType = text.xcconfig; name = "Pods-Ke Nasa.release.xcconfig"; path = "Target Support Files/Pods-Ke Nasa/Pods-Ke Nasa.release.xcconfig"; sourceTree = "<group>"; };
		641C82BBA18E24EEB12DE306 /* Pods_Ke_NasaTests.framework */ = {isa = PBXFileReference; explicitFileType = wrapper.framework; includeInIndex = 0; path = Pods_Ke_NasaTests.framework; sourceTree = BUILT_PRODUCTS_DIR; };
		BBEB5C53A024664786856105 /* Pods_Ke_Nasa.framework */ = {isa = PBXFileReference; explicitFileType = wrapper.framework; includeInIndex = 0; path = Pods_Ke_Nasa.framework; sourceTree = BUILT_PRODUCTS_DIR; };
		D5FA39C4FD286DB6109E2B27 /* Pods-Ke NasaTests.debug.xcconfig */ = {isa = PBXFileReference; includeInIndex = 1; lastKnownFileType = text.xcconfig; name = "Pods-Ke NasaTests.debug.xcconfig"; path = "Target Support Files/Pods-Ke NasaTests/Pods-Ke NasaTests.debug.xcconfig"; sourceTree = "<group>"; };
		DB07E4DF87AF072F7E85E56B /* Pods-Ke NasaTests.release.xcconfig */ = {isa = PBXFileReference; includeInIndex = 1; lastKnownFileType = text.xcconfig; name = "Pods-Ke NasaTests.release.xcconfig"; path = "Target Support Files/Pods-Ke NasaTests/Pods-Ke NasaTests.release.xcconfig"; sourceTree = "<group>"; };
		F4C11127A3A71473AB8EC581 /* Pods-Ke Nasa.debug.xcconfig */ = {isa = PBXFileReference; includeInIndex = 1; lastKnownFileType = text.xcconfig; name = "Pods-Ke Nasa.debug.xcconfig"; path = "Target Support Files/Pods-Ke Nasa/Pods-Ke Nasa.debug.xcconfig"; sourceTree = "<group>"; };
/* End PBXFileReference section */

/* Begin PBXFrameworksBuildPhase section */
		48A1527228CDA3EA00FA69D4 /* Frameworks */ = {
			isa = PBXFrameworksBuildPhase;
			buildActionMask = 2147483647;
			files = (
				D703789F45CEDDD87DE6CD2E /* Pods_Ke_Nasa.framework in Frameworks */,
			);
			runOnlyForDeploymentPostprocessing = 0;
		};
		48C7D83328CE01B20044480A /* Frameworks */ = {
			isa = PBXFrameworksBuildPhase;
			buildActionMask = 2147483647;
			files = (
				70BDEFDCEDA7F985B1F1110D /* Pods_Ke_NasaTests.framework in Frameworks */,
			);
			runOnlyForDeploymentPostprocessing = 0;
		};
/* End PBXFrameworksBuildPhase section */

/* Begin PBXGroup section */
		4841E3B028CDE7BF0045097D /* Utils */ = {
			isa = PBXGroup;
			children = (
				4841E3B128CDE7D50045097D /* String+Extensions.swift */,
				48C7D88328CE22560044480A /* UIImage+Extensions.swift */,
				48E3644928CE334200FC9A55 /* URLRequest+Extensions.swift */,
			);
			path = Utils;
			sourceTree = "<group>";
		};
		48A1526C28CDA3E900FA69D4 = {
			isa = PBXGroup;
			children = (
				48A1527728CDA3EA00FA69D4 /* Ke Nasa */,
				48C7D83728CE01B20044480A /* Ke NasaTests */,
				48A1527628CDA3EA00FA69D4 /* Products */,
				6297122A6D53D200618F5EAA /* Pods */,
				99D9F43F7A5A58DC6E5D6FC1 /* Frameworks */,
			);
			sourceTree = "<group>";
		};
		48A1527628CDA3EA00FA69D4 /* Products */ = {
			isa = PBXGroup;
			children = (
				48A1527528CDA3EA00FA69D4 /* Ke Nasa.app */,
				48C7D83628CE01B20044480A /* Ke NasaTests.xctest */,
			);
			name = Products;
			sourceTree = "<group>";
		};
		48A1527728CDA3EA00FA69D4 /* Ke Nasa */ = {
			isa = PBXGroup;
			children = (
				4841E3B028CDE7BF0045097D /* Utils */,
				48A1528F28CDA43B00FA69D4 /* ViewModel */,
				48A1528E28CDA43400FA69D4 /* Model */,
				48A1528D28CDA42100FA69D4 /* View Controllers */,
				48A1528C28CDA41500FA69D4 /* Views */,
				48A1527828CDA3EA00FA69D4 /* AppDelegate.swift */,
				48A1527A28CDA3EA00FA69D4 /* SceneDelegate.swift */,
				48A1528128CDA3EF00FA69D4 /* Assets.xcassets */,
				48A1528628CDA3EF00FA69D4 /* Info.plist */,
			);
			path = "Ke Nasa";
			sourceTree = "<group>";
		};
		48A1528C28CDA41500FA69D4 /* Views */ = {
			isa = PBXGroup;
			children = (
				48A1527E28CDA3EA00FA69D4 /* Main.storyboard */,
				48A1528328CDA3EF00FA69D4 /* LaunchScreen.storyboard */,
			);
			path = Views;
			sourceTree = "<group>";
		};
		48A1528D28CDA42100FA69D4 /* View Controllers */ = {
			isa = PBXGroup;
			children = (
				48A1529528CDAF4D00FA69D4 /* Cells */,
				48A1529328CDA5F600FA69D4 /* DetailVC.swift */,
				48A152A628CDC73700FA69D4 /* NasaImagesVC.swift */,
			);
			path = "View Controllers";
			sourceTree = "<group>";
		};
		48A1528E28CDA43400FA69D4 /* Model */ = {
			isa = PBXGroup;
			children = (
				4841E3A728CDDC8C0045097D /* MainResponse.swift */,
			);
			path = Model;
			sourceTree = "<group>";
		};
		48A1528F28CDA43B00FA69D4 /* ViewModel */ = {
			isa = PBXGroup;
			children = (
				4841E3AE28CDE3880045097D /* ImagesListVM.swift */,
			);
			path = ViewModel;
			sourceTree = "<group>";
		};
		48A1529528CDAF4D00FA69D4 /* Cells */ = {
			isa = PBXGroup;
			children = (
				48A1529628CDAF8800FA69D4 /* NasaImageCell.swift */,
			);
			path = Cells;
			sourceTree = "<group>";
		};
		48C7D83728CE01B20044480A /* Ke NasaTests */ = {
			isa = PBXGroup;
			children = (
				48C7D87F28CE1F690044480A /* StringExtensionsTest.swift */,
				48C7D88128CE20AB0044480A /* ImageListViewModelTest.swift */,
			);
			path = "Ke NasaTests";
			sourceTree = "<group>";
		};
		6297122A6D53D200618F5EAA /* Pods */ = {
			isa = PBXGroup;
			children = (
				F4C11127A3A71473AB8EC581 /* Pods-Ke Nasa.debug.xcconfig */,
				62B619E4390BAD800C233CA4 /* Pods-Ke Nasa.release.xcconfig */,
				D5FA39C4FD286DB6109E2B27 /* Pods-Ke NasaTests.debug.xcconfig */,
				DB07E4DF87AF072F7E85E56B /* Pods-Ke NasaTests.release.xcconfig */,
			);
			path = Pods;
			sourceTree = "<group>";
		};
		99D9F43F7A5A58DC6E5D6FC1 /* Frameworks */ = {
			isa = PBXGroup;
			children = (
				BBEB5C53A024664786856105 /* Pods_Ke_Nasa.framework */,
				641C82BBA18E24EEB12DE306 /* Pods_Ke_NasaTests.framework */,
			);
			name = Frameworks;
			sourceTree = "<group>";
		};
/* End PBXGroup section */

/* Begin PBXNativeTarget section */
		48A1527428CDA3EA00FA69D4 /* Ke Nasa */ = {
			isa = PBXNativeTarget;
			buildConfigurationList = 48A1528928CDA3EF00FA69D4 /* Build configuration list for PBXNativeTarget "Ke Nasa" */;
			buildPhases = (
				CE2816A1BBFB52A46B0DBA12 /* [CP] Check Pods Manifest.lock */,
				48A1527128CDA3EA00FA69D4 /* Sources */,
				48A1527228CDA3EA00FA69D4 /* Frameworks */,
				48A1527328CDA3EA00FA69D4 /* Resources */,
			);
			buildRules = (
			);
			dependencies = (
			);
			name = "Ke Nasa";
			productName = "Ke Nasa";
			productReference = 48A1527528CDA3EA00FA69D4 /* Ke Nasa.app */;
			productType = "com.apple.product-type.application";
		};
		48C7D83528CE01B20044480A /* Ke NasaTests */ = {
			isa = PBXNativeTarget;
			buildConfigurationList = 48C7D83E28CE01B20044480A /* Build configuration list for PBXNativeTarget "Ke NasaTests" */;
			buildPhases = (
				727A8ADD116C3B18C3334C19 /* [CP] Check Pods Manifest.lock */,
				48C7D83228CE01B20044480A /* Sources */,
				48C7D83328CE01B20044480A /* Frameworks */,
				48C7D83428CE01B20044480A /* Resources */,
			);
			buildRules = (
			);
			dependencies = (
				48C7D83B28CE01B20044480A /* PBXTargetDependency */,
			);
			name = "Ke NasaTests";
			productName = "Ke NasaTests";
			productReference = 48C7D83628CE01B20044480A /* Ke NasaTests.xctest */;
			productType = "com.apple.product-type.bundle.unit-test";
		};
/* End PBXNativeTarget section */

/* Begin PBXProject section */
		48A1526D28CDA3E900FA69D4 /* Project object */ = {
			isa = PBXProject;
			attributes = {
				BuildIndependentTargetsInParallel = 1;
				LastSwiftUpdateCheck = 1340;
				LastUpgradeCheck = 1340;
				TargetAttributes = {
					48A1527428CDA3EA00FA69D4 = {
						CreatedOnToolsVersion = 13.4.1;
					};
					48C7D83528CE01B20044480A = {
						CreatedOnToolsVersion = 13.4.1;
						TestTargetID = 48A1527428CDA3EA00FA69D4;
					};
				};
			};
			buildConfigurationList = 48A1527028CDA3E900FA69D4 /* Build configuration list for PBXProject "Ke Nasa" */;
			compatibilityVersion = "Xcode 13.0";
			developmentRegion = en;
			hasScannedForEncodings = 0;
			knownRegions = (
				en,
				Base,
			);
			mainGroup = 48A1526C28CDA3E900FA69D4;
			productRefGroup = 48A1527628CDA3EA00FA69D4 /* Products */;
			projectDirPath = "";
			projectRoot = "";
			targets = (
				48A1527428CDA3EA00FA69D4 /* Ke Nasa */,
				48C7D83528CE01B20044480A /* Ke NasaTests */,
			);
		};
/* End PBXProject section */

/* Begin PBXResourcesBuildPhase section */
		48A1527328CDA3EA00FA69D4 /* Resources */ = {
			isa = PBXResourcesBuildPhase;
			buildActionMask = 2147483647;
			files = (
				48A1528528CDA3EF00FA69D4 /* LaunchScreen.storyboard in Resources */,
				48A1528228CDA3EF00FA69D4 /* Assets.xcassets in Resources */,
				48A1528028CDA3EA00FA69D4 /* Main.storyboard in Resources */,
			);
			runOnlyForDeploymentPostprocessing = 0;
		};
		48C7D83428CE01B20044480A /* Resources */ = {
			isa = PBXResourcesBuildPhase;
			buildActionMask = 2147483647;
			files = (
			);
			runOnlyForDeploymentPostprocessing = 0;
		};
/* End PBXResourcesBuildPhase section */

/* Begin PBXShellScriptBuildPhase section */
		727A8ADD116C3B18C3334C19 /* [CP] Check Pods Manifest.lock */ = {
			isa = PBXShellScriptBuildPhase;
			buildActionMask = 2147483647;
			files = (
			);
			inputFileListPaths = (
			);
			inputPaths = (
				"${PODS_PODFILE_DIR_PATH}/Podfile.lock",
				"${PODS_ROOT}/Manifest.lock",
			);
			name = "[CP] Check Pods Manifest.lock";
			outputFileListPaths = (
			);
			outputPaths = (
				"$(DERIVED_FILE_DIR)/Pods-Ke NasaTests-checkManifestLockResult.txt",
			);
			runOnlyForDeploymentPostprocessing = 0;
			shellPath = /bin/sh;
			shellScript = "diff \"${PODS_PODFILE_DIR_PATH}/Podfile.lock\" \"${PODS_ROOT}/Manifest.lock\" > /dev/null\nif [ $? != 0 ] ; then\n    # print error to STDERR\n    echo \"error: The sandbox is not in sync with the Podfile.lock. Run 'pod install' or update your CocoaPods installation.\" >&2\n    exit 1\nfi\n# This output is used by Xcode 'outputs' to avoid re-running this script phase.\necho \"SUCCESS\" > \"${SCRIPT_OUTPUT_FILE_0}\"\n";
			showEnvVarsInLog = 0;
		};
		CE2816A1BBFB52A46B0DBA12 /* [CP] Check Pods Manifest.lock */ = {
			isa = PBXShellScriptBuildPhase;
			buildActionMask = 2147483647;
			files = (
			);
			inputFileListPaths = (
			);
			inputPaths = (
				"${PODS_PODFILE_DIR_PATH}/Podfile.lock",
				"${PODS_ROOT}/Manifest.lock",
			);
			name = "[CP] Check Pods Manifest.lock";
			outputFileListPaths = (
			);
			outputPaths = (
				"$(DERIVED_FILE_DIR)/Pods-Ke Nasa-checkManifestLockResult.txt",
			);
			runOnlyForDeploymentPostprocessing = 0;
			shellPath = /bin/sh;
			shellScript = "diff \"${PODS_PODFILE_DIR_PATH}/Podfile.lock\" \"${PODS_ROOT}/Manifest.lock\" > /dev/null\nif [ $? != 0 ] ; then\n    # print error to STDERR\n    echo \"error: The sandbox is not in sync with the Podfile.lock. Run 'pod install' or update your CocoaPods installation.\" >&2\n    exit 1\nfi\n# This output is used by Xcode 'outputs' to avoid re-running this script phase.\necho \"SUCCESS\" > \"${SCRIPT_OUTPUT_FILE_0}\"\n";
			showEnvVarsInLog = 0;
		};
/* End PBXShellScriptBuildPhase section */

/* Begin PBXSourcesBuildPhase section */
		48A1527128CDA3EA00FA69D4 /* Sources */ = {
			isa = PBXSourcesBuildPhase;
			buildActionMask = 2147483647;
			files = (
				4841E3A828CDDC8C0045097D /* MainResponse.swift in Sources */,
				4841E3AF28CDE3880045097D /* ImagesListVM.swift in Sources */,
				48A152A728CDC73700FA69D4 /* NasaImagesVC.swift in Sources */,
				4841E3B228CDE7D50045097D /* String+Extensions.swift in Sources */,
				48A1527928CDA3EA00FA69D4 /* AppDelegate.swift in Sources */,
				48A1529728CDAF8800FA69D4 /* NasaImageCell.swift in Sources */,
				48C7D88428CE22560044480A /* UIImage+Extensions.swift in Sources */,
				48A1527B28CDA3EA00FA69D4 /* SceneDelegate.swift in Sources */,
				48A1529428CDA5F600FA69D4 /* DetailVC.swift in Sources */,
				48E3644A28CE334200FC9A55 /* URLRequest+Extensions.swift in Sources */,
			);
			runOnlyForDeploymentPostprocessing = 0;
		};
		48C7D83228CE01B20044480A /* Sources */ = {
			isa = PBXSourcesBuildPhase;
			buildActionMask = 2147483647;
			files = (
				48C7D88228CE20AB0044480A /* ImageListViewModelTest.swift in Sources */,
				48C7D88028CE1F690044480A /* StringExtensionsTest.swift in Sources */,
			);
			runOnlyForDeploymentPostprocessing = 0;
		};
/* End PBXSourcesBuildPhase section */

/* Begin PBXTargetDependency section */
		48C7D83B28CE01B20044480A /* PBXTargetDependency */ = {
			isa = PBXTargetDependency;
			target = 48A1527428CDA3EA00FA69D4 /* Ke Nasa */;
			targetProxy = 48C7D83A28CE01B20044480A /* PBXContainerItemProxy */;
		};
/* End PBXTargetDependency section */

/* Begin PBXVariantGroup section */
		48A1527E28CDA3EA00FA69D4 /* Main.storyboard */ = {
			isa = PBXVariantGroup;
			children = (
				48A1527F28CDA3EA00FA69D4 /* Base */,
			);
			name = Main.storyboard;
			sourceTree = "<group>";
		};
		48A1528328CDA3EF00FA69D4 /* LaunchScreen.storyboard */ = {
			isa = PBXVariantGroup;
			children = (
				48A1528428CDA3EF00FA69D4 /* Base */,
			);
			name = LaunchScreen.storyboard;
			sourceTree = "<group>";
		};
/* End PBXVariantGroup section */

/* Begin XCBuildConfiguration section */
		48A1528728CDA3EF00FA69D4 /* Debug */ = {
			isa = XCBuildConfiguration;
			buildSettings = {
				ALWAYS_SEARCH_USER_PATHS = NO;
				CLANG_ANALYZER_NONNULL = YES;
				CLANG_ANALYZER_NUMBER_OBJECT_CONVERSION = YES_AGGRESSIVE;
				CLANG_CXX_LANGUAGE_STANDARD = "gnu++17";
				CLANG_ENABLE_MODULES = YES;
				CLANG_ENABLE_OBJC_ARC = YES;
				CLANG_ENABLE_OBJC_WEAK = YES;
				CLANG_WARN_BLOCK_CAPTURE_AUTORELEASING = YES;
				CLANG_WARN_BOOL_CONVERSION = YES;
				CLANG_WARN_COMMA = YES;
				CLANG_WARN_CONSTANT_CONVERSION = YES;
				CLANG_WARN_DEPRECATED_OBJC_IMPLEMENTATIONS = YES;
				CLANG_WARN_DIRECT_OBJC_ISA_USAGE = YES_ERROR;
				CLANG_WARN_DOCUMENTATION_COMMENTS = YES;
				CLANG_WARN_EMPTY_BODY = YES;
				CLANG_WARN_ENUM_CONVERSION = YES;
				CLANG_WARN_INFINITE_RECURSION = YES;
				CLANG_WARN_INT_CONVERSION = YES;
				CLANG_WARN_NON_LITERAL_NULL_CONVERSION = YES;
				CLANG_WARN_OBJC_IMPLICIT_RETAIN_SELF = YES;
				CLANG_WARN_OBJC_LITERAL_CONVERSION = YES;
				CLANG_WARN_OBJC_ROOT_CLASS = YES_ERROR;
				CLANG_WARN_QUOTED_INCLUDE_IN_FRAMEWORK_HEADER = YES;
				CLANG_WARN_RANGE_LOOP_ANALYSIS = YES;
				CLANG_WARN_STRICT_PROTOTYPES = YES;
				CLANG_WARN_SUSPICIOUS_MOVE = YES;
				CLANG_WARN_UNGUARDED_AVAILABILITY = YES_AGGRESSIVE;
				CLANG_WARN_UNREACHABLE_CODE = YES;
				CLANG_WARN__DUPLICATE_METHOD_MATCH = YES;
				COPY_PHASE_STRIP = NO;
				DEBUG_INFORMATION_FORMAT = dwarf;
				ENABLE_STRICT_OBJC_MSGSEND = YES;
				ENABLE_TESTABILITY = YES;
				GCC_C_LANGUAGE_STANDARD = gnu11;
				GCC_DYNAMIC_NO_PIC = NO;
				GCC_NO_COMMON_BLOCKS = YES;
				GCC_OPTIMIZATION_LEVEL = 0;
				GCC_PREPROCESSOR_DEFINITIONS = (
					"DEBUG=1",
					"$(inherited)",
				);
				GCC_WARN_64_TO_32_BIT_CONVERSION = YES;
				GCC_WARN_ABOUT_RETURN_TYPE = YES_ERROR;
				GCC_WARN_UNDECLARED_SELECTOR = YES;
				GCC_WARN_UNINITIALIZED_AUTOS = YES_AGGRESSIVE;
				GCC_WARN_UNUSED_FUNCTION = YES;
				GCC_WARN_UNUSED_VARIABLE = YES;
				IPHONEOS_DEPLOYMENT_TARGET = 15.5;
				MTL_ENABLE_DEBUG_INFO = INCLUDE_SOURCE;
				MTL_FAST_MATH = YES;
				ONLY_ACTIVE_ARCH = YES;
				SDKROOT = iphoneos;
				SWIFT_ACTIVE_COMPILATION_CONDITIONS = DEBUG;
				SWIFT_OPTIMIZATION_LEVEL = "-Onone";
			};
			name = Debug;
		};
		48A1528828CDA3EF00FA69D4 /* Release */ = {
			isa = XCBuildConfiguration;
			buildSettings = {
				ALWAYS_SEARCH_USER_PATHS = NO;
				CLANG_ANALYZER_NONNULL = YES;
				CLANG_ANALYZER_NUMBER_OBJECT_CONVERSION = YES_AGGRESSIVE;
				CLANG_CXX_LANGUAGE_STANDARD = "gnu++17";
				CLANG_ENABLE_MODULES = YES;
				CLANG_ENABLE_OBJC_ARC = YES;
				CLANG_ENABLE_OBJC_WEAK = YES;
				CLANG_WARN_BLOCK_CAPTURE_AUTORELEASING = YES;
				CLANG_WARN_BOOL_CONVERSION = YES;
				CLANG_WARN_COMMA = YES;
				CLANG_WARN_CONSTANT_CONVERSION = YES;
				CLANG_WARN_DEPRECATED_OBJC_IMPLEMENTATIONS = YES;
				CLANG_WARN_DIRECT_OBJC_ISA_USAGE = YES_ERROR;
				CLANG_WARN_DOCUMENTATION_COMMENTS = YES;
				CLANG_WARN_EMPTY_BODY = YES;
				CLANG_WARN_ENUM_CONVERSION = YES;
				CLANG_WARN_INFINITE_RECURSION = YES;
				CLANG_WARN_INT_CONVERSION = YES;
				CLANG_WARN_NON_LITERAL_NULL_CONVERSION = YES;
				CLANG_WARN_OBJC_IMPLICIT_RETAIN_SELF = YES;
				CLANG_WARN_OBJC_LITERAL_CONVERSION = YES;
				CLANG_WARN_OBJC_ROOT_CLASS = YES_ERROR;
				CLANG_WARN_QUOTED_INCLUDE_IN_FRAMEWORK_HEADER = YES;
				CLANG_WARN_RANGE_LOOP_ANALYSIS = YES;
				CLANG_WARN_STRICT_PROTOTYPES = YES;
				CLANG_WARN_SUSPICIOUS_MOVE = YES;
				CLANG_WARN_UNGUARDED_AVAILABILITY = YES_AGGRESSIVE;
				CLANG_WARN_UNREACHABLE_CODE = YES;
				CLANG_WARN__DUPLICATE_METHOD_MATCH = YES;
				COPY_PHASE_STRIP = NO;
				DEBUG_INFORMATION_FORMAT = "dwarf-with-dsym";
				ENABLE_NS_ASSERTIONS = NO;
				ENABLE_STRICT_OBJC_MSGSEND = YES;
				GCC_C_LANGUAGE_STANDARD = gnu11;
				GCC_NO_COMMON_BLOCKS = YES;
				GCC_WARN_64_TO_32_BIT_CONVERSION = YES;
				GCC_WARN_ABOUT_RETURN_TYPE = YES_ERROR;
				GCC_WARN_UNDECLARED_SELECTOR = YES;
				GCC_WARN_UNINITIALIZED_AUTOS = YES_AGGRESSIVE;
				GCC_WARN_UNUSED_FUNCTION = YES;
				GCC_WARN_UNUSED_VARIABLE = YES;
				IPHONEOS_DEPLOYMENT_TARGET = 15.5;
				MTL_ENABLE_DEBUG_INFO = NO;
				MTL_FAST_MATH = YES;
				SDKROOT = iphoneos;
				SWIFT_COMPILATION_MODE = wholemodule;
				SWIFT_OPTIMIZATION_LEVEL = "-O";
				VALIDATE_PRODUCT = YES;
			};
			name = Release;
		};
		48A1528A28CDA3EF00FA69D4 /* Debug */ = {
			isa = XCBuildConfiguration;
			baseConfigurationReference = F4C11127A3A71473AB8EC581 /* Pods-Ke Nasa.debug.xcconfig */;
			buildSettings = {
				ASSETCATALOG_COMPILER_APPICON_NAME = AppIcon;
				ASSETCATALOG_COMPILER_GLOBAL_ACCENT_COLOR_NAME = AccentColor;
				CODE_SIGN_STYLE = Automatic;
				CURRENT_PROJECT_VERSION = 1;
				DEVELOPMENT_TEAM = 683AUWT46Z;
				GENERATE_INFOPLIST_FILE = YES;
				INFOPLIST_FILE = "Ke Nasa/Info.plist";
				INFOPLIST_KEY_UIApplicationSupportsIndirectInputEvents = YES;
				INFOPLIST_KEY_UILaunchStoryboardName = LaunchScreen;
				INFOPLIST_KEY_UIMainStoryboardFile = Main;
				INFOPLIST_KEY_UISupportedInterfaceOrientations_iPad = "UIInterfaceOrientationPortrait UIInterfaceOrientationPortraitUpsideDown UIInterfaceOrientationLandscapeLeft UIInterfaceOrientationLandscapeRight";
				INFOPLIST_KEY_UISupportedInterfaceOrientations_iPhone = "UIInterfaceOrientationPortrait UIInterfaceOrientationLandscapeLeft UIInterfaceOrientationLandscapeRight";
				IPHONEOS_DEPLOYMENT_TARGET = 14.0;
				LD_RUNPATH_SEARCH_PATHS = (
					"$(inherited)",
					"@executable_path/Frameworks",
				);
				MARKETING_VERSION = 1.0;
				PRODUCT_BUNDLE_IDENTIFIER = "com.lenibonje.Ke-Nasa";
				PRODUCT_NAME = "$(TARGET_NAME)";
				SWIFT_EMIT_LOC_STRINGS = YES;
				SWIFT_VERSION = 5.0;
				TARGETED_DEVICE_FAMILY = 1;
			};
			name = Debug;
		};
		48A1528B28CDA3EF00FA69D4 /* Release */ = {
			isa = XCBuildConfiguration;
			baseConfigurationReference = 62B619E4390BAD800C233CA4 /* Pods-Ke Nasa.release.xcconfig */;
			buildSettings = {
				ASSETCATALOG_COMPILER_APPICON_NAME = AppIcon;
				ASSETCATALOG_COMPILER_GLOBAL_ACCENT_COLOR_NAME = AccentColor;
				CODE_SIGN_STYLE = Automatic;
				CURRENT_PROJECT_VERSION = 1;
				DEVELOPMENT_TEAM = 683AUWT46Z;
				GENERATE_INFOPLIST_FILE = YES;
				INFOPLIST_FILE = "Ke Nasa/Info.plist";
				INFOPLIST_KEY_UIApplicationSupportsIndirectInputEvents = YES;
				INFOPLIST_KEY_UILaunchStoryboardName = LaunchScreen;
				INFOPLIST_KEY_UIMainStoryboardFile = Main;
				INFOPLIST_KEY_UISupportedInterfaceOrientations_iPad = "UIInterfaceOrientationPortrait UIInterfaceOrientationPortraitUpsideDown UIInterfaceOrientationLandscapeLeft UIInterfaceOrientationLandscapeRight";
				INFOPLIST_KEY_UISupportedInterfaceOrientations_iPhone = "UIInterfaceOrientationPortrait UIInterfaceOrientationLandscapeLeft UIInterfaceOrientationLandscapeRight";
				IPHONEOS_DEPLOYMENT_TARGET = 14.0;
				LD_RUNPATH_SEARCH_PATHS = (
					"$(inherited)",
					"@executable_path/Frameworks",
				);
				MARKETING_VERSION = 1.0;
				PRODUCT_BUNDLE_IDENTIFIER = "com.lenibonje.Ke-Nasa";
				PRODUCT_NAME = "$(TARGET_NAME)";
				SWIFT_EMIT_LOC_STRINGS = YES;
				SWIFT_VERSION = 5.0;
				TARGETED_DEVICE_FAMILY = 1;
			};
			name = Release;
		};
		48C7D83C28CE01B20044480A /* Debug */ = {
			isa = XCBuildConfiguration;
			baseConfigurationReference = D5FA39C4FD286DB6109E2B27 /* Pods-Ke NasaTests.debug.xcconfig */;
			buildSettings = {
				BUNDLE_LOADER = "$(TEST_HOST)";
				CODE_SIGN_STYLE = Automatic;
				CURRENT_PROJECT_VERSION = 1;
				DEVELOPMENT_TEAM = 683AUWT46Z;
				GENERATE_INFOPLIST_FILE = YES;
				MARKETING_VERSION = 1.0;
				PRODUCT_BUNDLE_IDENTIFIER = "com.lenibonje.Ke-NasaTests";
				PRODUCT_NAME = "$(TARGET_NAME)";
				SWIFT_EMIT_LOC_STRINGS = NO;
				SWIFT_VERSION = 5.0;
				TARGETED_DEVICE_FAMILY = "1,2";
				TEST_HOST = "$(BUILT_PRODUCTS_DIR)/Ke Nasa.app/Ke Nasa";
			};
			name = Debug;
		};
		48C7D83D28CE01B20044480A /* Release */ = {
			isa = XCBuildConfiguration;
			baseConfigurationReference = DB07E4DF87AF072F7E85E56B /* Pods-Ke NasaTests.release.xcconfig */;
			buildSettings = {
				BUNDLE_LOADER = "$(TEST_HOST)";
				CODE_SIGN_STYLE = Automatic;
				CURRENT_PROJECT_VERSION = 1;
				DEVELOPMENT_TEAM = 683AUWT46Z;
				GENERATE_INFOPLIST_FILE = YES;
				MARKETING_VERSION = 1.0;
				PRODUCT_BUNDLE_IDENTIFIER = "com.lenibonje.Ke-NasaTests";
				PRODUCT_NAME = "$(TARGET_NAME)";
				SWIFT_EMIT_LOC_STRINGS = NO;
				SWIFT_VERSION = 5.0;
				TARGETED_DEVICE_FAMILY = "1,2";
				TEST_HOST = "$(BUILT_PRODUCTS_DIR)/Ke Nasa.app/Ke Nasa";
			};
			name = Release;
		};
/* End XCBuildConfiguration section */

/* Begin XCConfigurationList section */
		48A1527028CDA3E900FA69D4 /* Build configuration list for PBXProject "Ke Nasa" */ = {
			isa = XCConfigurationList;
			buildConfigurations = (
				48A1528728CDA3EF00FA69D4 /* Debug */,
				48A1528828CDA3EF00FA69D4 /* Release */,
			);
			defaultConfigurationIsVisible = 0;
			defaultConfigurationName = Release;
		};
		48A1528928CDA3EF00FA69D4 /* Build configuration list for PBXNativeTarget "Ke Nasa" */ = {
			isa = XCConfigurationList;
			buildConfigurations = (
				48A1528A28CDA3EF00FA69D4 /* Debug */,
				48A1528B28CDA3EF00FA69D4 /* Release */,
			);
			defaultConfigurationIsVisible = 0;
			defaultConfigurationName = Release;
		};
		48C7D83E28CE01B20044480A /* Build configuration list for PBXNativeTarget "Ke NasaTests" */ = {
			isa = XCConfigurationList;
			buildConfigurations = (
				48C7D83C28CE01B20044480A /* Debug */,
				48C7D83D28CE01B20044480A /* Release */,
			);
			defaultConfigurationIsVisible = 0;
			defaultConfigurationName = Release;
		};
/* End XCConfigurationList section */
	};
	rootObject = 48A1526D28CDA3E900FA69D4 /* Project object */;
}
